
Microsoft Visual Studio Solution File, Format Version 12.00
# Visual Studio Version 16
VisualStudioVersion = 16.0.30225.117
MinimumVisualStudioVersion = 10.0.40219.1
Project("{8BC9CEB8-8B4A-11D0-8D11-00A0C91BC942}") = "dmdwidget", "dmdwidget.vcxproj", "{FA92B3F2-C26F-37EB-9B57-5ABEBF3B03AD}"
EndProject
Global
	GlobalSection(SolutionConfigurationPlatforms) = preSolution
		Debug|x64 = Debug|x64
		Release|x64 = Release|x64
	EndGlobalSection
	GlobalSection(ProjectConfigurationPlatforms) = postSolution
		{FA92B3F2-C26F-37EB-9B57-5ABEBF3B03AD}.Debug|x64.ActiveCfg = Debug|x64
		{FA92B3F2-C26F-37EB-9B57-5ABEBF3B03AD}.Debug|x64.Build.0 = Debug|x64
		{FA92B3F2-C26F-37EB-9B57-5ABEBF3B03AD}.Release|x64.ActiveCfg = Release|x64
		{FA92B3F2-C26F-37EB-9B57-5ABEBF3B03AD}.Release|x64.Build.0 = Release|x64
	EndGlobalSection
	GlobalSection(SolutionProperties) = preSolution
		HideSolutionNode = FALSE
	EndGlobalSection
	GlobalSection(ExtensibilityGlobals) = postSolution
		SolutionGuid = {8FBD69CC-4EA2-4140-8B19-550E9B41A5EA}
	EndGlobalSection
EndGlobal
