<?xml version="1.0" encoding="utf-8"?>
<Project xmlns="http://schemas.microsoft.com/developer/msbuild/2003">
  <ItemGroup>
    <Filter Include="Form Files">
      <UniqueIdentifier>{99349809-55BA-4b9d-BF79-8FDBB0286EB3}</UniqueIdentifier>
      <Extensions>ui</Extensions>
      <ParseFiles>false</ParseFiles>
    </Filter>
    <Filter Include="Form Files">
      <UniqueIdentifier>{99349809-55BA-4b9d-BF79-8FDBB0286EB3}</UniqueIdentifier>
      <Extensions>ui</Extensions>
      <ParseFiles>false</ParseFiles>
    </Filter>
    <Filter Include="Generated Files">
      <UniqueIdentifier>{71ED8ED8-ACB9-4CE9-BBE1-E00B30144E11}</UniqueIdentifier>
      <Extensions>cpp;c;cxx;moc;h;def;odl;idl;res;</Extensions>
    </Filter>
    <Filter Include="Generated Files">
      <UniqueIdentifier>{71ED8ED8-ACB9-4CE9-BBE1-E00B30144E11}</UniqueIdentifier>
      <Extensions>cpp;c;cxx;moc;h;def;odl;idl;res;</Extensions>
    </Filter>
    <Filter Include="Header Files">
      <UniqueIdentifier>{93995380-89BD-4b04-88EB-625FBE52EBFB}</UniqueIdentifier>
      <Extensions>h;hpp;hxx;hm;inl;inc;xsd</Extensions>
    </Filter>
    <Filter Include="Header Files">
      <UniqueIdentifier>{93995380-89BD-4b04-88EB-625FBE52EBFB}</UniqueIdentifier>
      <Extensions>h;hpp;hxx;hm;inl;inc;xsd</Extensions>
    </Filter>
    <Filter Include="Resource Files">
      <UniqueIdentifier>{D9D6E242-F8AF-46E4-B9FD-80ECBC20BA3E}</UniqueIdentifier>
      <Extensions>qrc;*</Extensions>
      <ParseFiles>false</ParseFiles>
    </Filter>
    <Filter Include="Resource Files">
      <UniqueIdentifier>{D9D6E242-F8AF-46E4-B9FD-80ECBC20BA3E}</UniqueIdentifier>
      <Extensions>qrc;*</Extensions>
      <ParseFiles>false</ParseFiles>
    </Filter>
    <Filter Include="Source Files">
      <UniqueIdentifier>{4FC737F1-C7A5-4376-A066-2A32D752A2FF}</UniqueIdentifier>
      <Extensions>cpp;c;cxx;def;odl;idl;hpj;bat;asm;asmx</Extensions>
    </Filter>
    <Filter Include="Source Files">
      <UniqueIdentifier>{4FC737F1-C7A5-4376-A066-2A32D752A2FF}</UniqueIdentifier>
      <Extensions>cpp;c;cxx;def;odl;idl;hpj;bat;asm;asmx</Extensions>
    </Filter>
  </ItemGroup>
  <ItemGroup>
    <ClCompile Include="vendor\Qt-Color-Widgets\src\abstract_widget_list.cpp">
      <Filter>Source Files</Filter>
    </ClCompile>
    <ClCompile Include="animationthread.cpp">
      <Filter>Source Files</Filter>
    </ClCompile>
    <ClCompile Include="animationwindow.cpp">
      <Filter>Source Files</Filter>
    </ClCompile>
    <ClCompile Include="vendor\Qt-Color-Widgets\src\bound_color_selector.cpp">
      <Filter>Source Files</Filter>
    </ClCompile>
    <ClCompile Include="vendor\Qt-Color-Widgets\src\color_2d_slider.cpp">
      <Filter>Source Files</Filter>
    </ClCompile>
    <ClCompile Include="vendor\Qt-Color-Widgets\src\color_delegate.cpp">
      <Filter>Source Files</Filter>
    </ClCompile>
    <ClCompile Include="vendor\Qt-Color-Widgets\src\color_dialog.cpp">
      <Filter>Source Files</Filter>
    </ClCompile>
    <ClCompile Include="vendor\Qt-Color-Widgets\src\color_line_edit.cpp">
      <Filter>Source Files</Filter>
    </ClCompile>
    <ClCompile Include="vendor\Qt-Color-Widgets\src\color_list_widget.cpp">
      <Filter>Source Files</Filter>
    </ClCompile>
    <ClCompile Include="vendor\Qt-Color-Widgets\src\color_names.cpp">
      <Filter>Source Files</Filter>
    </ClCompile>
    <ClCompile Include="vendor\Qt-Color-Widgets\src\color_palette.cpp">
      <Filter>Source Files</Filter>
    </ClCompile>
    <ClCompile Include="vendor\Qt-Color-Widgets\src\color_palette_model.cpp">
      <Filter>Source Files</Filter>
    </ClCompile>
    <ClCompile Include="vendor\Qt-Color-Widgets\src\color_palette_widget.cpp">
      <Filter>Source Files</Filter>
    </ClCompile>
    <ClCompile Include="vendor\Qt-Color-Widgets\src\color_preview.cpp">
      <Filter>Source Files</Filter>
    </ClCompile>
    <ClCompile Include="vendor\Qt-Color-Widgets\src\color_selector.cpp">
      <Filter>Source Files</Filter>
    </ClCompile>
    <ClCompile Include="vendor\Qt-Color-Widgets\src\color_utils.cpp">
      <Filter>Source Files</Filter>
    </ClCompile>
    <ClCompile Include="vendor\Qt-Color-Widgets\src\color_wheel.cpp">
      <Filter>Source Files</Filter>
    </ClCompile>
    <ClCompile Include="deviceconfigwindow.cpp">
      <Filter>Source Files</Filter>
    </ClCompile>
    <ClCompile Include="dmdanimation.cpp">
      <Filter>Source Files</Filter>
    </ClCompile>
    <ClCompile Include="dmdanimationengine.cpp">
      <Filter>Source Files</Filter>
    </ClCompile>
    <ClCompile Include="dmdapplication.cpp">
      <Filter>Source Files</Filter>
    </ClCompile>
    <ClCompile Include="dmdconfig.cpp">
      <Filter>Source Files</Filter>
    </ClCompile>
    <ClCompile Include="dmdeventfilter.cpp">
      <Filter>Source Files</Filter>
    </ClCompile>
    <ClCompile Include="dmdframe.cpp">
      <Filter>Source Files</Filter>
    </ClCompile>
    <ClCompile Include="dmdkeys.cpp">
      <Filter>Source Files</Filter>
    </ClCompile>
    <ClCompile Include="dmdoutputdevice.cpp">
      <Filter>Source Files</Filter>
    </ClCompile>
    <ClCompile Include="dmdwidget.cpp">
      <Filter>Source Files</Filter>
    </ClCompile>
    <ClCompile Include="fantasieswindow.cpp">
      <Filter>Source Files</Filter>
    </ClCompile>
    <ClCompile Include="fx3animation.cpp">
      <Filter>Source Files</Filter>
    </ClCompile>
    <ClCompile Include="fx3process.cpp">
      <Filter>Source Files</Filter>
    </ClCompile>
    <ClCompile Include="gameanimation.cpp">
      <Filter>Source Files</Filter>
    </ClCompile>
    <ClCompile Include="vendor\Qt-Color-Widgets\src\gradient_slider.cpp">
      <Filter>Source Files</Filter>
    </ClCompile>
    <ClCompile Include="vendor\Qt-Color-Widgets\src\hue_slider.cpp">
      <Filter>Source Files</Filter>
    </ClCompile>
    <ClCompile Include="imageanimation.cpp">
      <Filter>Source Files</Filter>
    </ClCompile>
    <ClCompile Include="main.cpp">
      <Filter>Source Files</Filter>
    </ClCompile>
    <ClCompile Include="mainwindow.cpp">
      <Filter>Source Files</Filter>
    </ClCompile>
    <ClCompile Include="pin2dmdoutputdevice.cpp">
      <Filter>Source Files</Filter>
    </ClCompile>
    <ClCompile Include="pindmd2outputdevice.cpp">
      <Filter>Source Files</Filter>
    </ClCompile>
    <ClCompile Include="rominspectwindow.cpp">
      <Filter>Source Files</Filter>
    </ClCompile>
    <ClCompile Include="rominspectwindow2.cpp">
      <Filter>Source Files</Filter>
    </ClCompile>
    <ClCompile Include="vendor\Qt-Color-Widgets\src\swatch.cpp">
      <Filter>Source Files</Filter>
    </ClCompile>
    <ClCompile Include="widgetoutputdevice.cpp">
      <Filter>Source Files</Filter>
    </ClCompile>
    <ClCompile Include="widgetoutputdeviceconfigtab.cpp">
      <Filter>Source Files</Filter>
    </ClCompile>
  </ItemGroup>
  <ItemGroup>
    <CustomBuild Include="vendor\Qt-Color-Widgets\include\abstract_widget_list.hpp">
      <Filter>Header Files</Filter>
    </CustomBuild>
    <ClInclude Include="animationthread.h">
      <Filter>Header Files</Filter>
    </ClInclude>
    <CustomBuild Include="animationwindow.h">
      <Filter>Header Files</Filter>
    </CustomBuild>
    <CustomBuild Include="vendor\Qt-Color-Widgets\include\bound_color_selector.hpp">
      <Filter>Header Files</Filter>
    </CustomBuild>
    <CustomBuild Include="vendor\Qt-Color-Widgets\include\color_2d_slider.hpp">
      <Filter>Header Files</Filter>
    </CustomBuild>
    <CustomBuild Include="vendor\Qt-Color-Widgets\include\color_delegate.hpp">
      <Filter>Header Files</Filter>
    </CustomBuild>
    <CustomBuild Include="vendor\Qt-Color-Widgets\include\color_dialog.hpp">
      <Filter>Header Files</Filter>
    </CustomBuild>
    <CustomBuild Include="vendor\Qt-Color-Widgets\include\color_line_edit.hpp">
      <Filter>Header Files</Filter>
    </CustomBuild>
    <CustomBuild Include="vendor\Qt-Color-Widgets\include\color_list_widget.hpp">
      <Filter>Header Files</Filter>
    </CustomBuild>
    <ClInclude Include="vendor\Qt-Color-Widgets\include\color_names.hpp">
      <Filter>Header Files</Filter>
    </ClInclude>
    <CustomBuild Include="vendor\Qt-Color-Widgets\include\color_palette.hpp">
      <Filter>Header Files</Filter>
    </CustomBuild>
    <CustomBuild Include="vendor\Qt-Color-Widgets\include\color_palette_model.hpp">
      <Filter>Header Files</Filter>
    </CustomBuild>
    <CustomBuild Include="vendor\Qt-Color-Widgets\include\color_palette_widget.hpp">
      <Filter>Header Files</Filter>
    </CustomBuild>
    <CustomBuild Include="vendor\Qt-Color-Widgets\include\color_preview.hpp">
      <Filter>Header Files</Filter>
    </CustomBuild>
    <CustomBuild Include="vendor\Qt-Color-Widgets\include\color_selector.hpp">
      <Filter>Header Files</Filter>
    </CustomBuild>
    <ClInclude Include="vendor\Qt-Color-Widgets\src\color_utils.hpp">
      <Filter>Header Files</Filter>
    </ClInclude>
    <CustomBuild Include="vendor\Qt-Color-Widgets\include\color_wheel.hpp">
      <Filter>Header Files</Filter>
    </CustomBuild>
    <ClInclude Include="vendor\Qt-Color-Widgets\include\colorwidgets_global.hpp">
      <Filter>Header Files</Filter>
    </ClInclude>
    <CustomBuild Include="deviceconfigwindow.h">
      <Filter>Header Files</Filter>
    </CustomBuild>
    <ClInclude Include="dmdanimation.h">
      <Filter>Header Files</Filter>
    </ClInclude>
    <ClInclude Include="dmdanimationengine.h">
      <Filter>Header Files</Filter>
    </ClInclude>
    <CustomBuild Include="dmdapplication.h">
      <Filter>Header Files</Filter>
    </CustomBuild>
    <ClInclude Include="dmdconfig.h">
      <Filter>Header Files</Filter>
    </ClInclude>
    <ClInclude Include="dmdeventfilter.h">
      <Filter>Header Files</Filter>
    </ClInclude>
    <ClInclude Include="dmdframe.h">
      <Filter>Header Files</Filter>
    </ClInclude>
    <ClInclude Include="dmdkeys.h">
      <Filter>Header Files</Filter>
    </ClInclude>
    <ClInclude Include="dmdoutputdevice.h">
      <Filter>Header Files</Filter>
    </ClInclude>
    <CustomBuild Include="dmdwidget.h">
      <Filter>Header Files</Filter>
    </CustomBuild>
    <ClInclude Include="fantasiesdmd.h">
      <Filter>Header Files</Filter>
    </ClInclude>
    <CustomBuild Include="fantasieswindow.h">
      <Filter>Header Files</Filter>
    </CustomBuild>
    <ClInclude Include="fx3animation.h">
      <Filter>Header Files</Filter>
    </ClInclude>
    <ClInclude Include="fx3process.h">
      <Filter>Header Files</Filter>
    </ClInclude>
    <ClInclude Include="gameanimation.h">
      <Filter>Header Files</Filter>
    </ClInclude>
    <CustomBuild Include="vendor\Qt-Color-Widgets\include\gradient_slider.hpp">
      <Filter>Header Files</Filter>
    </CustomBuild>
    <CustomBuild Include="vendor\Qt-Color-Widgets\include\hue_slider.hpp">
      <Filter>Header Files</Filter>
    </CustomBuild>
    <ClInclude Include="imageanimation.h">
      <Filter>Header Files</Filter>
    </ClInclude>
    <ClInclude Include="mainwindow.h">
      <Filter>Header Files</Filter>
    </ClInclude>
    <ClInclude Include="pin2dmdoutputdevice.h">
      <Filter>Header Files</Filter>
    </ClInclude>
    <ClInclude Include="pindmd2outputdevice.h">
      <Filter>Header Files</Filter>
    </ClInclude>
    <CustomBuild Include="rominspectwindow.h">
      <Filter>Header Files</Filter>
    </CustomBuild>
    <CustomBuild Include="rominspectwindow2.h">
      <Filter>Header Files</Filter>
    </CustomBuild>
    <ClInclude Include="span.h">
      <Filter>Header Files</Filter>
    </ClInclude>
    <CustomBuild Include="vendor\Qt-Color-Widgets\include\swatch.hpp">
      <Filter>Header Files</Filter>
    </CustomBuild>
    <ClInclude Include="widgetoutputdevice.h">
      <Filter>Header Files</Filter>
    </ClInclude>
    <ClInclude Include="widgetoutputdeviceconfigtab.h">
      <Filter>Header Files</Filter>
    </ClInclude>
  </ItemGroup>
  <ItemGroup>
    <ClCompile Include="debug\moc_abstract_widget_list.cpp">
      <Filter>Generated Files</Filter>
    </ClCompile>
    <ClCompile Include="release\moc_abstract_widget_list.cpp">
      <Filter>Generated Files</Filter>
    </ClCompile>
    <ClCompile Include="debug\moc_animationwindow.cpp">
      <Filter>Generated Files</Filter>
    </ClCompile>
    <ClCompile Include="release\moc_animationwindow.cpp">
      <Filter>Generated Files</Filter>
    </ClCompile>
    <ClCompile Include="debug\moc_bound_color_selector.cpp">
      <Filter>Generated Files</Filter>
    </ClCompile>
    <ClCompile Include="release\moc_bound_color_selector.cpp">
      <Filter>Generated Files</Filter>
    </ClCompile>
    <ClCompile Include="debug\moc_color_2d_slider.cpp">
      <Filter>Generated Files</Filter>
    </ClCompile>
    <ClCompile Include="release\moc_color_2d_slider.cpp">
      <Filter>Generated Files</Filter>
    </ClCompile>
    <ClCompile Include="debug\moc_color_delegate.cpp">
      <Filter>Generated Files</Filter>
    </ClCompile>
    <ClCompile Include="release\moc_color_delegate.cpp">
      <Filter>Generated Files</Filter>
    </ClCompile>
    <ClCompile Include="debug\moc_color_dialog.cpp">
      <Filter>Generated Files</Filter>
    </ClCompile>
    <ClCompile Include="release\moc_color_dialog.cpp">
      <Filter>Generated Files</Filter>
    </ClCompile>
    <ClCompile Include="debug\moc_color_line_edit.cpp">
      <Filter>Generated Files</Filter>
    </ClCompile>
    <ClCompile Include="release\moc_color_line_edit.cpp">
      <Filter>Generated Files</Filter>
    </ClCompile>
    <ClCompile Include="debug\moc_color_list_widget.cpp">
      <Filter>Generated Files</Filter>
    </ClCompile>
    <ClCompile Include="release\moc_color_list_widget.cpp">
      <Filter>Generated Files</Filter>
    </ClCompile>
    <ClCompile Include="debug\moc_color_palette.cpp">
      <Filter>Generated Files</Filter>
    </ClCompile>
    <ClCompile Include="release\moc_color_palette.cpp">
      <Filter>Generated Files</Filter>
    </ClCompile>
    <ClCompile Include="debug\moc_color_palette_model.cpp">
      <Filter>Generated Files</Filter>
    </ClCompile>
    <ClCompile Include="release\moc_color_palette_model.cpp">
      <Filter>Generated Files</Filter>
    </ClCompile>
    <ClCompile Include="debug\moc_color_palette_widget.cpp">
      <Filter>Generated Files</Filter>
    </ClCompile>
    <ClCompile Include="release\moc_color_palette_widget.cpp">
      <Filter>Generated Files</Filter>
    </ClCompile>
    <ClCompile Include="debug\moc_color_preview.cpp">
      <Filter>Generated Files</Filter>
    </ClCompile>
    <ClCompile Include="release\moc_color_preview.cpp">
      <Filter>Generated Files</Filter>
    </ClCompile>
    <ClCompile Include="debug\moc_color_selector.cpp">
      <Filter>Generated Files</Filter>
    </ClCompile>
    <ClCompile Include="release\moc_color_selector.cpp">
      <Filter>Generated Files</Filter>
    </ClCompile>
    <ClCompile Include="debug\moc_color_wheel.cpp">
      <Filter>Generated Files</Filter>
    </ClCompile>
    <ClCompile Include="release\moc_color_wheel.cpp">
      <Filter>Generated Files</Filter>
    </ClCompile>
    <ClCompile Include="debug\moc_deviceconfigwindow.cpp">
      <Filter>Generated Files</Filter>
    </ClCompile>
    <ClCompile Include="release\moc_deviceconfigwindow.cpp">
      <Filter>Generated Files</Filter>
    </ClCompile>
    <ClCompile Include="debug\moc_dmdapplication.cpp">
      <Filter>Generated Files</Filter>
    </ClCompile>
    <ClCompile Include="release\moc_dmdapplication.cpp">
      <Filter>Generated Files</Filter>
    </ClCompile>
    <ClCompile Include="debug\moc_dmdwidget.cpp">
      <Filter>Generated Files</Filter>
    </ClCompile>
    <ClCompile Include="release\moc_dmdwidget.cpp">
      <Filter>Generated Files</Filter>
    </ClCompile>
    <ClCompile Include="debug\moc_fantasieswindow.cpp">
      <Filter>Generated Files</Filter>
    </ClCompile>
    <ClCompile Include="release\moc_fantasieswindow.cpp">
      <Filter>Generated Files</Filter>
    </ClCompile>
    <ClCompile Include="debug\moc_gradient_slider.cpp">
      <Filter>Generated Files</Filter>
    </ClCompile>
    <ClCompile Include="release\moc_gradient_slider.cpp">
      <Filter>Generated Files</Filter>
    </ClCompile>
    <ClCompile Include="debug\moc_hue_slider.cpp">
      <Filter>Generated Files</Filter>
    </ClCompile>
    <ClCompile Include="release\moc_hue_slider.cpp">
      <Filter>Generated Files</Filter>
    </ClCompile>
    <CustomBuild Include="debug\moc_predefs.h.cbt">
      <Filter>Generated Files</Filter>
    </CustomBuild>
    <CustomBuild Include="release\moc_predefs.h.cbt">
      <Filter>Generated Files</Filter>
    </CustomBuild>
    <ClCompile Include="debug\moc_rominspectwindow.cpp">
      <Filter>Generated Files</Filter>
    </ClCompile>
    <ClCompile Include="release\moc_rominspectwindow.cpp">
      <Filter>Generated Files</Filter>
    </ClCompile>
    <ClCompile Include="debug\moc_rominspectwindow2.cpp">
      <Filter>Generated Files</Filter>
    </ClCompile>
    <ClCompile Include="release\moc_rominspectwindow2.cpp">
      <Filter>Generated Files</Filter>
    </ClCompile>
    <ClCompile Include="debug\moc_swatch.cpp">
      <Filter>Generated Files</Filter>
    </ClCompile>
    <ClCompile Include="release\moc_swatch.cpp">
      <Filter>Generated Files</Filter>
    </ClCompile>
    <ClCompile Include="debug\qrc_color_widgets.cpp">
      <Filter>Generated Files</Filter>
    </ClCompile>
    <ClCompile Include="release\qrc_color_widgets.cpp">
      <Filter>Generated Files</Filter>
    </ClCompile>
    <ClCompile Include="debug\qrc_dmdwidget.cpp">
      <Filter>Generated Files</Filter>
    </ClCompile>
    <ClCompile Include="release\qrc_dmdwidget.cpp">
      <Filter>Generated Files</Filter>
    </ClCompile>
    <ClInclude Include="ui_color_dialog.h">
      <Filter>Generated Files</Filter>
    </ClInclude>
    <ClInclude Include="ui_color_palette_widget.h">
      <Filter>Generated Files</Filter>
    </ClInclude>
  </ItemGroup>
  <ItemGroup>
    <CustomBuild Include="vendor\Qt-Color-Widgets\src\color_dialog.ui">
      <Filter>Form Files</Filter>
    </CustomBuild>
    <CustomBuild Include="vendor\Qt-Color-Widgets\src\color_palette_widget.ui">
      <Filter>Form Files</Filter>
    </CustomBuild>
  </ItemGroup>
  <ItemGroup>
    <None Include="vendor\Qt-Color-Widgets\src\alphaback.png">
      <Filter>Resource Files</Filter>
    </None>
    <CustomBuild Include="vendor\Qt-Color-Widgets\src\color_widgets.qrc">
      <Filter>Resource Files</Filter>
    </CustomBuild>
    <CustomBuild Include="dmdwidget.qrc">
      <Filter>Resource Files</Filter>
    </CustomBuild>
    <None Include="sfx\wms_cancel.wav">
      <Filter>Resource Files</Filter>
    </None>
    <None Include="sfx\wms_down.wav">
      <Filter>Resource Files</Filter>
    </None>
    <None Include="sfx\wms_menu_enter.wav">
      <Filter>Resource Files</Filter>
    </None>
    <None Include="sfx\wms_post.wav">
      <Filter>Resource Files</Filter>
    </None>
    <None Include="sfx\wms_save.wav">
      <Filter>Resource Files</Filter>
    </None>
    <None Include="sfx\wms_save_done.wav">
      <Filter>Resource Files</Filter>
    </None>
    <None Include="sfx\wms_up.wav">
      <Filter>Resource Files</Filter>
    </None>
  </ItemGroup>
</Project>